# cohdl.lock — generated by cohdl. Do not hand-edit; run `cohdl update` to change a pin.

[[package]]
name = "connectors"
version = "0.1.6"
hash = "sha256:dca088cad9548a42976cfd1de300377722ca56f773cf4785a135d54a90964519"

[[package]]
name = "passive"
version = "0.2.2"
hash = "sha256:d5ae92b0190fffa84253edd6509bff5fa3e4c478e87d0b64110e4cbb1f3ba819"

[[package]]
name = "std"
version = "0.3.0"
hash = "sha256:5b5fc2d184722d4a4fd32f531656c32f2de2f0920c94d7a8e5f2d2203527fbca"
